PODS:
  - AZSClient (0.2.6)
  - CocoaLumberjack (3.7.4):
    - CocoaLumberjack/Core (= 3.7.4)
  - CocoaLumberjack/Core (3.7.4)
  - FieldNoteIcons (1.1.1):
    - Macaw
    - SVGKit (~> 3.x)
  - Macaw (0.9.10):
    - SWXMLHash
  - SVGKit (3.0.0):
    - CocoaLumberjack (~> 3.0)
  - SWXMLHash (7.0.0)

DEPENDENCIES:
  - AZSClient
  - FieldNoteIcons (from `../`)

SPEC REPOS:
  trunk:
    - AZSClient
    - CocoaLumberjack
    - Macaw
    - SVGKit
    - SWXMLHash

EXTERNAL SOURCES:
  FieldNoteIcons:
    :path: "../"

SPEC CHECKSUMS:
  AZSClient: efd576cabf56f97e38cb1b614739f4b0c1906392
  CocoaLumberjack: 543c79c114dadc3b1aba95641d8738b06b05b646
  FieldNoteIcons: 9e4b85ffa34f74f660a2e9fcc7c7c513c04f47ed
  Macaw: 7af8ea57aa2cab35b4a52a45e6f85eea753ea9ae
  SVGKit: 1ad7513f8c74d9652f94ed64ddecda1a23864dea
  SWXMLHash: cf8682ebf12f124e77554d6a5f9170830626d99e

PODFILE CHECKSUM: a28c6c1209e2b5e0362448eb826da5d13ec72820

COCOAPODS: 1.11.2
